
Microsoft Visual Studio Solution File, Format Version 12.00
# Visual Studio 15
VisualStudioVersion = 15.0.27130.2010
MinimumVisualStudioVersion = 10.0.40219.1
Project("{FAE04EC0-301F-11D3-BF4B-00C04F79EFBC}") = "Engine", "src\Core\Engine\Engine.csproj", "{66A26B55-CD07-408B-89C2-248D82BBB47E}"
EndProject
Project("{FAE04EC0-301F-11D3-BF4B-00C04F79EFBC}") = "Sample.Api", "src\Samples\API\Sample.Api\Sample.Api.csproj", "{BB42DEFD-AD2D-4F1F-812A-5C12A4F3A290}"
EndProject
Global
	GlobalSection(SolutionConfigurationPlatforms) = preSolution
		Debug|Any CPU = Debug|Any CPU
		Release|Any CPU = Release|Any CPU
	EndGlobalSection
	GlobalSection(ProjectConfigurationPlatforms) = postSolution
		{66A26B55-CD07-408B-89C2-248D82BBB47E}.Debug|Any CPU.ActiveCfg = Debug|Any CPU
		{66A26B55-CD07-408B-89C2-248D82BBB47E}.Debug|Any CPU.Build.0 = Debug|Any CPU
		{66A26B55-CD07-408B-89C2-248D82BBB47E}.Release|Any CPU.ActiveCfg = Release|Any CPU
		{66A26B55-CD07-408B-89C2-248D82BBB47E}.Release|Any CPU.Build.0 = Release|Any CPU
		{BB42DEFD-AD2D-4F1F-812A-5C12A4F3A290}.Debug|Any CPU.ActiveCfg = Debug|Any CPU
		{BB42DEFD-AD2D-4F1F-812A-5C12A4F3A290}.Debug|Any CPU.Build.0 = Debug|Any CPU
		{BB42DEFD-AD2D-4F1F-812A-5C12A4F3A290}.Release|Any CPU.ActiveCfg = Release|Any CPU
		{BB42DEFD-AD2D-4F1F-812A-5C12A4F3A290}.Release|Any CPU.Build.0 = Release|Any CPU
	EndGlobalSection
	GlobalSection(SolutionProperties) = preSolution
		HideSolutionNode = FALSE
	EndGlobalSection
	GlobalSection(ExtensibilityGlobals) = postSolution
		SolutionGuid = {8E33D28D-088B-4CD4-86C3-6068822A87A1}
	EndGlobalSection
EndGlobal
